
Microsoft Visual Studio Solution File, Format Version 12.00
# Visual Studio Version 17
VisualStudioVersion = 17.9.34728.123
MinimumVisualStudioVersion = 10.0.40219.1
Project("{FAE04EC0-301F-11D3-BF4B-00C04F79EFBC}") = "Examen_#Sharp_I_Parcial", "Examen_#Sharp_I_Parcial\Examen_#Sharp_I_Parcial.csproj", "{2A94FD64-2B91-4A10-A14D-648C96FA9E3B}"
EndProject
Global
	GlobalSection(SolutionConfigurationPlatforms) = preSolution
		Debug|Any CPU = Debug|Any CPU
		Release|Any CPU = Release|Any CPU
	EndGlobalSection
	GlobalSection(ProjectConfigurationPlatforms) = postSolution
		{2A94FD64-2B91-4A10-A14D-648C96FA9E3B}.Debug|Any CPU.ActiveCfg = Debug|Any CPU
		{2A94FD64-2B91-4A10-A14D-648C96FA9E3B}.Debug|Any CPU.Build.0 = Debug|Any CPU
		{2A94FD64-2B91-4A10-A14D-648C96FA9E3B}.Release|Any CPU.ActiveCfg = Release|Any CPU
		{2A94FD64-2B91-4A10-A14D-648C96FA9E3B}.Release|Any CPU.Build.0 = Release|Any CPU
	EndGlobalSection
	GlobalSection(SolutionProperties) = preSolution
		HideSolutionNode = FALSE
	EndGlobalSection
	GlobalSection(ExtensibilityGlobals) = postSolution
		SolutionGuid = {44BFC8EB-BB8A-43AA-9423-4AD793777F05}
	EndGlobalSection
EndGlobal
